#MicroXplorer Configuration settings - do not modify
Mcu.Family=STM32F1
SH.GPXTI1.0=GPIO_EXTI1
ProjectManager.MainLocation=Core/Src
PC7.GPIOParameters=GPIO_Label
ProjectManager.KeepUserCode=true
Mcu.UserName=STM32F103RBTx
SPI1.VirtualType=VM_MASTER
SPI2.VirtualType=VM_MASTER
PB10.Mode=Asynchronous
ADC2.Channel-0\#ChannelRegularConversion=ADC_CHANNEL_12
PC12.Locked=true
SH.GPXTI9.0=GPIO_EXTI9
PC10.Locked=true
RCC.PLLCLKFreq_Value=8000000
PC10.Signal=GPIO_Input
PC12.Signal=GPIO_Input
PC13-TAMPER-RTC.GPIOParameters=GPIO_Label
PC7.Locked=true
ProjectManager.functionlistsort=1-MX_GPIO_Init-GPIO-false-HAL-true,2-SystemClock_Config-RCC-false-HAL-false,3-MX_ADC1_Init-ADC1-false-HAL-true,4-MX_ADC2_Init-ADC2-false-HAL-true,5-MX_I2C1_Init-I2C1-false-HAL-true,6-MX_SPI1_Init-SPI1-false-HAL-true,7-MX_SPI2_Init-SPI2-false-HAL-true,8-MX_USART3_UART_Init-USART3-false-HAL-true,9-MX_USB_PCD_Init-USB-false-HAL-true
PC0.GPIOParameters=GPIO_Label
PA9.GPIOParameters=GPIO_Label
PC0.GPIO_Label=ADC1
PC6.GPIO_Label=OUT_DSIPL_CS
PC3.Locked=true
PA11.Mode=Device
PA3.GPIOParameters=GPIO_Label
PC9.Locked=true
PA6.GPIO_Label=IN_MS3_DAT
PB0.GPIO_Label=IN_MS4_DAT
PB6.GPIO_Label=OUT_SPI_SS1
PC1.Locked=true
PB11.Signal=USART3_RX
PB13.Signal=SPI2_SCK
PB15.Signal=SPI2_MOSI
PA2.GPIOParameters=GPIO_Label
PC15-OSC32_OUT.GPIO_Label=GPIO2
PinOutPanel.RotationAngle=0
ProjectManager.StackSize=0x400
RCC.PLLSource=RCC_PLLSOURCE_HSI_DIV2
SH.GPXTI13.0=GPIO_EXTI13
PD1-OSC_OUT.Signal=RCC_OSC_OUT
Mcu.IP4=RCC
SH.GPXTI7.ConfNb=1
Mcu.IP5=SPI1
Mcu.IP2=I2C1
NVIC.SVCall_IRQn=true\:0\:0\:false\:false\:true\:false\:false
Mcu.IP3=NVIC
PA15.GPIO_Label=IN_BTN4
Mcu.IP0=ADC1
Mcu.IP1=ADC2
PA12.Signal=USB_DP
SH.GPXTI3.ConfNb=1
Mcu.UserConstants=
PC1.GPIOParameters=GPIO_Label
SH.GPXTI13.ConfNb=1
Mcu.ThirdPartyNb=0
SPI1.Direction=SPI_DIRECTION_2LINES
Mcu.IPNb=10
ProjectManager.PreviousToolchain=
PB6.Signal=GPIO_Output
PC7.Signal=GPIO_Output
SPI1.CalculateBaudRate=4.0 MBits/s
PC3.Signal=ADCx_IN13
PA8.GPIOParameters=GPIO_Label
Mcu.Pin6=PC1
Mcu.Pin7=PC2
Mcu.Pin8=PC3
Mcu.Pin9=PA2
Mcu.Pin0=PC13-TAMPER-RTC
Mcu.Pin1=PC14-OSC32_IN
GPIO.groupedBy=Group By Peripherals
Mcu.Pin2=PC15-OSC32_OUT
Mcu.Pin3=PD0-OSC_IN
Mcu.Pin4=PD1-OSC_OUT
Mcu.Pin5=PC0
ADC1.Channel-0\#ChannelRegularConversion=ADC_CHANNEL_10
ProjectManager.ProjectBuild=false
NVIC.UsageFault_IRQn=true\:0\:0\:false\:false\:true\:false\:false
NVIC.DebugMonitor_IRQn=true\:0\:0\:false\:false\:true\:false\:false
PB3.Mode=Full_Duplex_Master
PA8.Locked=true
PA4.Locked=true
NVIC.SysTick_IRQn=true\:0\:0\:false\:false\:true\:false\:true
SH.GPXTI12.0=GPIO_EXTI12
SH.GPXTI7.0=GPIO_EXTI7
PB12.GPIO_Label=EXTI_DISPL_TIRQ
ProjectManager.FirmwarePackage=STM32Cube FW_F1 V1.8.3
MxDb.Version=DB.6.0.10
PB0.GPIOParameters=GPIO_Label
PB4.Mode=Full_Duplex_Master
ProjectManager.BackupPrevious=false
PA14.Mode=Serial_Wire
PB14.Mode=Full_Duplex_Master
PB1.GPIO_Label=EXTI_MS4_CLK
PC11.GPIO_Label=IN_BTN2
PB5.Mode=Full_Duplex_Master
File.Version=6
PA10.GPIO_Label=EXTI_ENC_2
SPI2.CalculateBaudRate=4.0 MBits/s
SH.ADCx_IN13.ConfNb=1
SH.ADCx_IN11.ConfNb=1
PB7.Signal=GPIO_Output
PA8.Signal=GPIO_Input
PB6.Locked=true
NVIC.PendSV_IRQn=true\:0\:0\:false\:false\:true\:false\:false
PB6.GPIOParameters=GPIO_Label
ProjectManager.HalAssertFull=false
PB0.Locked=true
ADC1.SamplingTime-0\#ChannelRegularConversion=ADC_SAMPLETIME_1CYCLE_5
PC14-OSC32_IN.GPIOParameters=GPIO_Label
ProjectManager.ProjectName=stmcube_stm32f103RBT6
RCC.PLLMCOFreq_Value=4000000
PB7.GPIO_Label=OUT_SPI_SS1
PC8.GPIOParameters=GPIO_Label
Mcu.Package=LQFP64
PB9.Signal=I2C1_SDA
PB1.Signal=GPXTI1
PA6.Signal=GPIO_Input
PA7.Locked=true
PA5.Locked=true
SPI2.Mode=SPI_MODE_MASTER
ProjectManager.ToolChainLocation=
PA2.GPIO_Label=IN_MS1_DAT
VP_SYS_VS_Systick.Signal=SYS_VS_Systick
SH.GPXTI5.ConfNb=1
USART3.IPParameters=VirtualMode
PA10.Signal=GPXTI10
PA15.Signal=GPIO_Input
ADC2.SamplingTime-0\#ChannelRegularConversion=ADC_SAMPLETIME_1CYCLE_5
PA5.GPIOParameters=GPIO_Label
NVIC.BusFault_IRQn=true\:0\:0\:false\:false\:true\:false\:false
PC14-OSC32_IN.GPIO_Label=GPIO1
SPI2.Direction=SPI_DIRECTION_2LINES
PB13.Mode=Full_Duplex_Master
PC15-OSC32_OUT.GPIOParameters=GPIO_Label
ADC2.Rank-0\#ChannelRegularConversion=1
PA4.GPIO_Label=IN_MS2_DAT
PC2.GPIO_Label=ADC3
ProjectManager.CustomerFirmwarePackage=
PC14-OSC32_IN.Locked=true
PB4.Signal=SPI1_MISO
PA3.Signal=GPXTI3
PA2.Locked=true
PA6.GPIOParameters=GPIO_Label
SH.GPXTI10.0=GPIO_EXTI10
RCC.PLLSourceVirtual=RCC_PLLSOURCE_HSI_DIV2
SH.GPXTI5.0=GPIO_EXTI5
ProjectManager.ProjectFileName=stmcube_stm32f103RBT6.ioc
SH.ADCx_IN13.0=ADC2_IN13,IN13
ADC1.Rank-0\#ChannelRegularConversion=1
PD1-OSC_OUT.Mode=HSE-External-Oscillator
PA15.GPIOParameters=GPIO_Label
PC10.GPIO_Label=IN_BTN3
Mcu.PinsNb=46
PC9.GPIO_Label=OUT_DISPL_T_CS
ProjectManager.NoMain=false
PC11.Locked=true
SPI1.IPParameters=VirtualType,Mode,Direction,CalculateBaudRate
ADC1.IPParameters=Rank-0\#ChannelRegularConversion,Channel-0\#ChannelRegularConversion,SamplingTime-0\#ChannelRegularConversion,NbrOfConversionFlag,master
PA9.GPIO_Label=EXTI_ENC_1
PC11.Signal=GPIO_Input
PC8.Signal=GPIO_Output
PC2.Signal=ADCx_IN12
PC6.Signal=GPIO_Output
PC13-TAMPER-RTC.Signal=GPXTI13
ProjectManager.DefaultFWLocation=true
PD0-OSC_IN.Signal=RCC_OSC_IN
PB12.Locked=true
ProjectManager.DeletePrevious=true
PC0.Signal=ADCx_IN10
PC14-OSC32_IN.Signal=GPIO_Input
PC11.GPIOParameters=GPIO_Label
RCC.FamilyName=M
PC3.GPIOParameters=GPIO_Label
PC8.GPIO_Label=OUT_DISPL_DC
PC12.GPIOParameters=GPIO_Label
PA13.Signal=SYS_JTMS-SWDIO
SH.ADCx_IN12.0=ADC2_IN12,IN12
PA15.Locked=true
PA8.GPIO_Label=IN_ENC_BTN
PC15-OSC32_OUT.Locked=true
PB11.Mode=Asynchronous
ProjectManager.TargetToolchain=EWARM V8.32
PB7.GPIOParameters=GPIO_Label
ADC2.IPParameters=Rank-0\#ChannelRegularConversion,Channel-0\#ChannelRegularConversion,SamplingTime-0\#ChannelRegularConversion,NbrOfConversionFlag
PC6.Locked=true
PB9.Mode=I2C
PA9.Signal=GPXTI9
SH.GPXTI12.ConfNb=1
SPI2.IPParameters=VirtualType,Mode,Direction,CalculateBaudRate
PC2.Locked=true
ProjectManager.RegisterCallBack=
PC13-TAMPER-RTC.Locked=true
PC15-OSC32_OUT.Signal=GPIO_Input
PB1.Locked=true
PD0-OSC_IN.Mode=HSE-External-Oscillator
PB10.Signal=USART3_TX
PB14.Signal=SPI2_MISO
PA5.Signal=GPXTI5
Mcu.Pin40=PB5
Mcu.Pin41=PB6
Mcu.Pin44=PB9
Mcu.Pin45=VP_SYS_VS_Systick
Mcu.Pin42=PB7
board=custom
Mcu.Pin43=PB8
SH.GPXTI3.0=GPIO_EXTI3
ProjectManager.LastFirmware=true
PC13-TAMPER-RTC.GPIO_Label=EXTI_ROT
PB15.Mode=Full_Duplex_Master
RCC.APB2Freq_Value=8000000
SH.ADCx_IN11.0=ADC1_IN11,IN11
MxCube.Version=6.1.1
Mcu.Pin37=PC12
Mcu.Pin38=PB3
Mcu.Pin35=PC10
Mcu.Pin36=PC11
SPI1.Mode=SPI_MODE_MASTER
Mcu.Pin39=PB4
PC2.GPIOParameters=GPIO_Label
SH.ADCx_IN10.ConfNb=1
Mcu.Pin30=PA11
PC1.GPIO_Label=ADC2
PA10.GPIOParameters=GPIO_Label
VP_SYS_VS_Systick.Mode=SysTick
SH.ADCx_IN12.ConfNb=1
Mcu.Pin33=PA14
Mcu.Pin34=PA15
Mcu.Pin31=PA12
Mcu.Pin32=PA13
PA9.Locked=true
NVIC.NonMaskableInt_IRQn=true\:0\:0\:false\:false\:true\:false\:false
PA4.GPIOParameters=GPIO_Label
PC10.GPIOParameters=GPIO_Label
PA13.Mode=Serial_Wire
ProjectManager.FreePins=false
RCC.IPParameters=APB1Freq_Value,APB2Freq_Value,FamilyName,PLLCLKFreq_Value,PLLMCOFreq_Value,PLLSource,PLLSourceVirtual,TimSysFreq_Value
PC9.GPIOParameters=GPIO_Label
ProjectManager.AskForMigrate=true
Mcu.Name=STM32F103R(8-B)Tx
Mcu.Pin26=PC9
Mcu.Pin27=PA8
PA2.Signal=GPIO_Input
Mcu.Pin24=PC7
ProjectManager.UnderRoot=false
Mcu.Pin25=PC8
Mcu.IP8=USART3
Mcu.IP9=USB
PC7.GPIO_Label=OUT_DISPL_RST
Mcu.Pin28=PA9
Mcu.IP6=SPI2
Mcu.Pin29=PA10
Mcu.IP7=SYS
ProjectManager.CoupleFile=false
PB3.Signal=SPI1_SCK
PA4.Signal=GPIO_Input
Mcu.Pin22=PB15
PB5.Signal=SPI1_MOSI
Mcu.Pin23=PC6
RCC.TimSysFreq_Value=8000000
PA7.GPIO_Label=EXTI_MS3_CLK
Mcu.Pin20=PB13
ADC1.master=1
PA3.Locked=true
Mcu.Pin21=PB14
PA12.Mode=Device
PA5.GPIO_Label=EXTI_MS2_CLK
PA10.Locked=true
ADC2.NbrOfConversionFlag=1
NVIC.ForceEnableDMAVector=true
KeepUserPlacement=false
USART3.VirtualMode=VM_ASYNC
NVIC.MemoryManagement_IRQn=true\:0\:0\:false\:false\:true\:false\:false
PC12.GPIO_Label=IN_BTN1
ProjectManager.CompilerOptimize=6
PA11.Signal=USB_DM
SH.GPXTI9.ConfNb=1
PA14.Signal=SYS_JTCK-SWCLK
SH.ADCx_IN10.0=ADC1_IN10,IN10
ProjectManager.HeapSize=0x200
Mcu.Pin15=PB0
NVIC.HardFault_IRQn=true\:0\:0\:false\:false\:true\:false\:false
Mcu.Pin16=PB1
Mcu.Pin13=PA6
Mcu.Pin14=PA7
PC6.GPIOParameters=GPIO_Label
Mcu.Pin19=PB12
ProjectManager.ComputerToolchain=false
Mcu.Pin17=PB10
Mcu.Pin18=PB11
NVIC.PriorityGroup=NVIC_PRIORITYGROUP_4
ADC1.NbrOfConversionFlag=1
Mcu.Pin11=PA4
Mcu.Pin12=PA5
PB8.Mode=I2C
Mcu.Pin10=PA3
SH.GPXTI10.ConfNb=1
PB7.Locked=true
PB8.Signal=I2C1_SCL
PC3.GPIO_Label=ADC4
PC8.Locked=true
PC9.Signal=GPIO_Output
SH.GPXTI1.ConfNb=1
RCC.APB1Freq_Value=8000000
PB0.Signal=GPIO_Input
PA7.GPIOParameters=GPIO_Label
PC0.Locked=true
ProjectManager.DeviceId=STM32F103RBTx
PC1.Signal=ADCx_IN11
PB12.GPIOParameters=GPIO_Label
PB12.Signal=GPXTI12
ProjectManager.LibraryCopy=0
PA3.GPIO_Label=EXTI_MS1_CLK
PB1.GPIOParameters=GPIO_Label
PA7.Signal=GPXTI7
PA6.Locked=true
